{
  "name": "10th",
  "lockfileVersion": 3,
  "requires": true,
  "packages": {
    "": {
      "dependencies": {
        "@vee-validate/rules": "^4.7.4"
      }
    },
    "node_modules/@vee-validate/rules": {
      "version": "4.7.4",
      "resolved": "https://registry.npmjs.org/@vee-validate/rules/-/rules-4.7.4.tgz",
      "integrity": "sha512-rWpmGKB/jy7/jbuAH/pfCYoCjiYDx77geNEaYeTl07eHo+2jL+j802Ttn85cTJsMUeXzRSUauepvNCpkVWV+aA=="
    }
  }
}
